
Microsoft Visual Studio Solution File, Format Version 12.00
# Visual Studio 15
VisualStudioVersion = 15.0.27130.2003
MinimumVisualStudioVersion = 10.0.40219.1
Project("{9A19103F-16F7-4668-BE54-9A1E7A4F7556}") = "Elders.log4net.appender.ElasticSearch", "Elders.log4net.Appender.ElasticSearch\Elders.log4net.appender.ElasticSearch.csproj", "{22964CB0-8A39-41EA-807D-B5216D27DF70}"
EndProject
Project("{2150E333-8FDC-42A3-9474-1A3956D46DE8}") = "Test", "Test", "{1A6D5648-E229-4F5B-920F-E4EA5AE1BBF9}"
EndProject
Project("{9A19103F-16F7-4668-BE54-9A1E7A4F7556}") = "ConsoleApp1", "..\test\ConsoleApp1\ConsoleApp1.csproj", "{E723A588-605C-4585-B84A-733383A7665F}"
EndProject
Global
	GlobalSection(SolutionConfigurationPlatforms) = preSolution
		Debug|Any CPU = Debug|Any CPU
		Release|Any CPU = Release|Any CPU
	EndGlobalSection
	GlobalSection(ProjectConfigurationPlatforms) = postSolution
		{22964CB0-8A39-41EA-807D-B5216D27DF70}.Debug|Any CPU.ActiveCfg = Debug|Any CPU
		{22964CB0-8A39-41EA-807D-B5216D27DF70}.Debug|Any CPU.Build.0 = Debug|Any CPU
		{22964CB0-8A39-41EA-807D-B5216D27DF70}.Release|Any CPU.ActiveCfg = Release|Any CPU
		{22964CB0-8A39-41EA-807D-B5216D27DF70}.Release|Any CPU.Build.0 = Release|Any CPU
		{E723A588-605C-4585-B84A-733383A7665F}.Debug|Any CPU.ActiveCfg = Debug|Any CPU
		{E723A588-605C-4585-B84A-733383A7665F}.Debug|Any CPU.Build.0 = Debug|Any CPU
		{E723A588-605C-4585-B84A-733383A7665F}.Release|Any CPU.ActiveCfg = Release|Any CPU
		{E723A588-605C-4585-B84A-733383A7665F}.Release|Any CPU.Build.0 = Release|Any CPU
	EndGlobalSection
	GlobalSection(SolutionProperties) = preSolution
		HideSolutionNode = FALSE
	EndGlobalSection
	GlobalSection(NestedProjects) = preSolution
		{E723A588-605C-4585-B84A-733383A7665F} = {1A6D5648-E229-4F5B-920F-E4EA5AE1BBF9}
	EndGlobalSection
	GlobalSection(ExtensibilityGlobals) = postSolution
		SolutionGuid = {87F26052-DE6D-4854-ADF6-688BC2FD3227}
	EndGlobalSection
EndGlobal
