
Microsoft Visual Studio Solution File, Format Version 12.00
# Visual Studio 15
VisualStudioVersion = 15.0.28307.421
MinimumVisualStudioVersion = 10.0.40219.1
Project("{FAE04EC0-301F-11D3-BF4B-00C04F79EFBC}") = "log4net.ElasticSearchAppender.DotNetCore", "log4net.ElasticSearchAppender.DotNetCore\log4net.ElasticSearchAppender.DotNetCore.csproj", "{701F68F1-86AB-4D3B-A02C-44AD302FCEA2}"
EndProject
Project("{2150E333-8FDC-42A3-9474-1A3956D46DE8}") = "test", "test", "{995608D3-CB44-4D78-ABD1-4E55830C0D7F}"
EndProject
Project("{2150E333-8FDC-42A3-9474-1A3956D46DE8}") = "src", "src", "{AF155E46-BB35-491A-8D83-BC5FA65C1A0A}"
EndProject
Project("{9A19103F-16F7-4668-BE54-9A1E7A4F7556}") = "ConsoleApp1", "..\test\ConsoleApp1\ConsoleApp1.csproj", "{C12D8CCF-87A2-4F9B-AE31-273373A3AB52}"
EndProject
Global
	GlobalSection(SolutionConfigurationPlatforms) = preSolution
		Debug|Any CPU = Debug|Any CPU
		Release|Any CPU = Release|Any CPU
	EndGlobalSection
	GlobalSection(ProjectConfigurationPlatforms) = postSolution
		{701F68F1-86AB-4D3B-A02C-44AD302FCEA2}.Debug|Any CPU.ActiveCfg = Debug|Any CPU
		{701F68F1-86AB-4D3B-A02C-44AD302FCEA2}.Debug|Any CPU.Build.0 = Debug|Any CPU
		{701F68F1-86AB-4D3B-A02C-44AD302FCEA2}.Release|Any CPU.ActiveCfg = Release|Any CPU
		{701F68F1-86AB-4D3B-A02C-44AD302FCEA2}.Release|Any CPU.Build.0 = Release|Any CPU
		{C12D8CCF-87A2-4F9B-AE31-273373A3AB52}.Debug|Any CPU.ActiveCfg = Debug|Any CPU
		{C12D8CCF-87A2-4F9B-AE31-273373A3AB52}.Debug|Any CPU.Build.0 = Debug|Any CPU
		{C12D8CCF-87A2-4F9B-AE31-273373A3AB52}.Release|Any CPU.ActiveCfg = Release|Any CPU
		{C12D8CCF-87A2-4F9B-AE31-273373A3AB52}.Release|Any CPU.Build.0 = Release|Any CPU
	EndGlobalSection
	GlobalSection(SolutionProperties) = preSolution
		HideSolutionNode = FALSE
	EndGlobalSection
	GlobalSection(NestedProjects) = preSolution
		{701F68F1-86AB-4D3B-A02C-44AD302FCEA2} = {AF155E46-BB35-491A-8D83-BC5FA65C1A0A}
		{C12D8CCF-87A2-4F9B-AE31-273373A3AB52} = {995608D3-CB44-4D78-ABD1-4E55830C0D7F}
	EndGlobalSection
	GlobalSection(ExtensibilityGlobals) = postSolution
		SolutionGuid = {CE864DB9-0135-4C84-8723-A5A065149BCD}
	EndGlobalSection
EndGlobal
